{
  "name": "dark-mode-switch",
  "version": "1.0.0",
  "lockfileVersion": 1,
  "requires": true,
  "dependencies": {
    "css-doodle": {
      "version": "0.8.5",
      "resolved": "https://registry.npmjs.org/css-doodle/-/css-doodle-0.8.5.tgz",
      "integrity": "sha512-o98zIqciZRlIBE+fWZdH5eMZguHMpgoX1MRtPoSTmA5itETpHKNMJIQRRDV+Exvj++GvGZh/wC0FEBo81fozuw=="
    },
    "darkmode-js": {
      "version": "1.5.7",
      "resolved": "https://registry.npmjs.org/darkmode-js/-/darkmode-js-1.5.7.tgz",
      "integrity": "sha512-gM1KhV/yy/84ZUpES9/oeOn0CVtuOi2HBd+Kccr4CJz+rFccQo2gUuPbjfyPXUx7t800Zf408G6kZb5rkTgjFA=="
    }
  }
}
